
Microsoft Visual Studio Solution File, Format Version 12.00
# Visual Studio Version 17
Project("{8BC9CEB8-8B4A-11D0-8D11-00A0C91BC942}") = "SVGRasterizer", "SVGRasterizer.vcxproj", "{28A6EA06-3782-4158-864A-645852426146}"
EndProject
Global
	GlobalSection(SolutionConfigurationPlatforms) = preSolution
		Debug|GTA-SA = Debug|GTA-SA
		Debug|GTA-VC = Debug|GTA-VC
		Debug|GTA3 = Debug|GTA3
		Release|GTA-SA = Release|GTA-SA
		Release|GTA-VC = Release|GTA-VC
		Release|GTA3 = Release|GTA3
	EndGlobalSection
	GlobalSection(ProjectConfigurationPlatforms) = postSolution
		{28A6EA06-3782-4158-864A-645852426146}.Debug|GTA-SA.ActiveCfg = Debug GTA-SA|Win32
		{28A6EA06-3782-4158-864A-645852426146}.Debug|GTA-SA.Build.0 = Debug GTA-SA|Win32
		{28A6EA06-3782-4158-864A-645852426146}.Debug|GTA-VC.ActiveCfg = Debug GTA-VC|Win32
		{28A6EA06-3782-4158-864A-645852426146}.Debug|GTA-VC.Build.0 = Debug GTA-VC|Win32
		{28A6EA06-3782-4158-864A-645852426146}.Debug|GTA3.ActiveCfg = Debug GTA3|Win32
		{28A6EA06-3782-4158-864A-645852426146}.Debug|GTA3.Build.0 = Debug GTA3|Win32
		{28A6EA06-3782-4158-864A-645852426146}.Release|GTA-SA.ActiveCfg = Release GTA-SA|Win32
		{28A6EA06-3782-4158-864A-645852426146}.Release|GTA-SA.Build.0 = Release GTA-SA|Win32
		{28A6EA06-3782-4158-864A-645852426146}.Release|GTA-VC.ActiveCfg = Release GTA-VC|Win32
		{28A6EA06-3782-4158-864A-645852426146}.Release|GTA-VC.Build.0 = Release GTA-VC|Win32
		{28A6EA06-3782-4158-864A-645852426146}.Release|GTA3.ActiveCfg = Release GTA3|Win32
		{28A6EA06-3782-4158-864A-645852426146}.Release|GTA3.Build.0 = Release GTA3|Win32
	EndGlobalSection
	GlobalSection(SolutionProperties) = preSolution
		HideSolutionNode = FALSE
	EndGlobalSection
EndGlobal
